{
  "name": "atelier-agent-runner",
  "version": "0.1.0",
  "lockfileVersion": 3,
  "requires": true,
  "packages": {
    "": {
      "name": "atelier-agent-runner",
      "version": "0.1.0",
      "dependencies": {
        "@anthropic-ai/claude-agent-sdk": "0.3.167"
      },
      "engines": {
        "node": ">=18.0.0"
      }
    },
    "node_modules/@anthropic-ai/claude-agent-sdk": {
      "version": "0.3.167",
      "resolved": "https://registry.npmjs.org/@anthropic-ai/claude-agent-sdk/-/claude-agent-sdk-0.3.167.tgz",
      "integrity": "sha512-FTwjBkfcJlqDugBp/kR2GtQ7wPE1ekU4IJzIuUni0pVikdrOVmAPel3EE9LMSJ0WVqFVnHvoYIuj4U9z4gC+5w==",
      "license": "SEE LICENSE IN README.md",
      "engines": {
        "node": ">=18.0.0"
      },
      "optionalDependencies": {
        "@anthropic-ai/claude-agent-sdk-darwin-arm64": "0.3.167",
        "@anthropic-ai/claude-agent-sdk-darwin-x64": "0.3.167",
        "@anthropic-ai/claude-agent-sdk-linux-arm64": "0.3.167",
        "@anthropic-ai/claude-agent-sdk-linux-arm64-musl": "0.3.167",
        "@anthropic-ai/claude-agent-sdk-linux-x64": "0.3.167",
        "@anthropic-ai/claude-agent-sdk-linux-x64-musl": "0.3.167",
        "@anthropic-ai/claude-agent-sdk-win32-arm64": "0.3.167",
        "@anthropic-ai/claude-agent-sdk-win32-x64": "0.3.167"
      },
      "peerDependencies": {
        "@anthropic-ai/sdk": ">=0.93.0",
        "@modelcontextprotocol/sdk": "^1.29.0",
        "zod": "^4.0.0"
      }
    },
    "node_modules/@anthropic-ai/claude-agent-sdk-darwin-arm64": {
      "version": "0.3.167",
      "resolved": "https://registry.npmjs.org/@anthropic-ai/claude-agent-sdk-darwin-arm64/-/claude-agent-sdk-darwin-arm64-0.3.167.tgz",
      "integrity": "sha512-lRdC0lWpRQmoo3geCia/9M0/72BraWwZLxyIQrwWhUCvvlGwqvPLRlPd7Ls20W3py1U4qe2UHt8/NlKMMmoq2g==",
      "cpu": [
        "arm64"
      ],
      "license": "SEE LICENSE IN LICENSE.md",
      "optional": true,
      "os": [
        "darwin"
      ]
    },
    "node_modules/@anthropic-ai/claude-agent-sdk-darwin-x64": {
      "version": "0.3.167",
      "resolved": "https://registry.npmjs.org/@anthropic-ai/claude-agent-sdk-darwin-x64/-/claude-agent-sdk-darwin-x64-0.3.167.tgz",
      "integrity": "sha512-24WCqqXc9SBliROFQz+JhO8+u9DARqhmMGWAZwT+/fs9RDJtHd2SZ7o8rWPAVnUicKQCMsjxdhtp/vFWELGenA==",
      "cpu": [
        "x64"
      ],
      "license": "SEE LICENSE IN LICENSE.md",
      "optional": true,
      "os": [
        "darwin"
      ]
    },
    "node_modules/@anthropic-ai/claude-agent-sdk-linux-arm64": {
      "version": "0.3.167",
      "resolved": "https://registry.npmjs.org/@anthropic-ai/claude-agent-sdk-linux-arm64/-/claude-agent-sdk-linux-arm64-0.3.167.tgz",
      "integrity": "sha512-f6269JZ8KngRIHDK9tmQMFWHg8XhOyJww6pbTVHqlUnf70pJPEP7hsmg6OQErRIvqQzHQWBiakQA8VIdRrOrjw==",
      "cpu": [
        "arm64"
      ],
      "libc": [
        "glibc"
      ],
      "license": "SEE LICENSE IN LICENSE.md",
      "optional": true,
      "os": [
        "linux"
      ]
    },
    "node_modules/@anthropic-ai/claude-agent-sdk-linux-arm64-musl": {
      "version": "0.3.167",
      "resolved": "https://registry.npmjs.org/@anthropic-ai/claude-agent-sdk-linux-arm64-musl/-/claude-agent-sdk-linux-arm64-musl-0.3.167.tgz",
      "integrity": "sha512-g9KB5JIDvcLENitm6+QLnY3YC40FvJroWz65C0etK6ri07SALFxfahSPHQqlbHlAo8a/+ZibSihwjqkvOXQtfg==",
      "cpu": [
        "arm64"
      ],
      "libc": [
        "musl"
      ],
      "license": "SEE LICENSE IN LICENSE.md",
      "optional": true,
      "os": [
        "linux"
      ]
    },
    "node_modules/@anthropic-ai/claude-agent-sdk-linux-x64": {
      "version": "0.3.167",
      "resolved": "https://registry.npmjs.org/@anthropic-ai/claude-agent-sdk-linux-x64/-/claude-agent-sdk-linux-x64-0.3.167.tgz",
      "integrity": "sha512-ecxQI20+Fr+PexMgmHlG9/WrUOUi9uQT9n1laUDn4bQAcQX3xDqgZbiH7RErCuTJW+mBSauSh4X68b4jmf64Bg==",
      "cpu": [
        "x64"
      ],
      "libc": [
        "glibc"
      ],
      "license": "SEE LICENSE IN LICENSE.md",
      "optional": true,
      "os": [
        "linux"
      ]
    },
    "node_modules/@anthropic-ai/claude-agent-sdk-linux-x64-musl": {
      "version": "0.3.167",
      "resolved": "https://registry.npmjs.org/@anthropic-ai/claude-agent-sdk-linux-x64-musl/-/claude-agent-sdk-linux-x64-musl-0.3.167.tgz",
      "integrity": "sha512-VA+0oQS8jTl2vyeMt4vjFiHf14F0mOxQbNJ6PLdy4etelYxC0lipPtSxVHbdzrgd0cF91uqUDhUMexNkVqS4MQ==",
      "cpu": [
        "x64"
      ],
      "libc": [
        "musl"
      ],
      "license": "SEE LICENSE IN LICENSE.md",
      "optional": true,
      "os": [
        "linux"
      ]
    },
    "node_modules/@anthropic-ai/claude-agent-sdk-win32-arm64": {
      "version": "0.3.167",
      "resolved": "https://registry.npmjs.org/@anthropic-ai/claude-agent-sdk-win32-arm64/-/claude-agent-sdk-win32-arm64-0.3.167.tgz",
      "integrity": "sha512-uB2E9w0bReXONBbaGM27S60F1h+NI/P2HyYoDy+eJsFhMv1lVbko9NG2Wm3kT5qOooBGRlSE5GgiCAK80xBcTA==",
      "cpu": [
        "arm64"
      ],
      "license": "SEE LICENSE IN LICENSE.md",
      "optional": true,
      "os": [
        "win32"
      ]
    },
    "node_modules/@anthropic-ai/claude-agent-sdk-win32-x64": {
      "version": "0.3.167",
      "resolved": "https://registry.npmjs.org/@anthropic-ai/claude-agent-sdk-win32-x64/-/claude-agent-sdk-win32-x64-0.3.167.tgz",
      "integrity": "sha512-r2IzO8ADzu4uRorXSs07baXee0LtTUIVDXP2ubYW32oTcAr98eip2VfkxwL9xm0tHXN63rp4fporU0eAy9fLPA==",
      "cpu": [
        "x64"
      ],
      "license": "SEE LICENSE IN LICENSE.md",
      "optional": true,
      "os": [
        "win32"
      ]
    }
  }
}
