{
  "name": "atelier-agent-runner",
  "version": "0.1.0",
  "lockfileVersion": 3,
  "requires": true,
  "packages": {
    "": {
      "name": "atelier-agent-runner",
      "version": "0.1.0",
      "dependencies": {
        "@anthropic-ai/claude-agent-sdk": "0.3.197"
      },
      "engines": {
        "node": ">=18.0.0"
      }
    },
    "node_modules/@anthropic-ai/claude-agent-sdk": {
      "version": "0.3.197",
      "resolved": "https://registry.npmjs.org/@anthropic-ai/claude-agent-sdk/-/claude-agent-sdk-0.3.197.tgz",
      "integrity": "sha512-XNIi8W1tb+QfMkcK+5kepOC6BsxG8wtupd72H+pIPzIJypVQhHy7FoX+KBMtTRYwtl+5dsjKyABhjWXebeUilw==",
      "license": "SEE LICENSE IN README.md",
      "engines": {
        "node": ">=18.0.0"
      },
      "optionalDependencies": {
        "@anthropic-ai/claude-agent-sdk-darwin-arm64": "0.3.197",
        "@anthropic-ai/claude-agent-sdk-darwin-x64": "0.3.197",
        "@anthropic-ai/claude-agent-sdk-linux-arm64": "0.3.197",
        "@anthropic-ai/claude-agent-sdk-linux-arm64-musl": "0.3.197",
        "@anthropic-ai/claude-agent-sdk-linux-x64": "0.3.197",
        "@anthropic-ai/claude-agent-sdk-linux-x64-musl": "0.3.197",
        "@anthropic-ai/claude-agent-sdk-win32-arm64": "0.3.197",
        "@anthropic-ai/claude-agent-sdk-win32-x64": "0.3.197"
      },
      "peerDependencies": {
        "@anthropic-ai/sdk": ">=0.93.0",
        "@modelcontextprotocol/sdk": "^1.29.0",
        "zod": "^4.0.0"
      }
    },
    "node_modules/@anthropic-ai/claude-agent-sdk-darwin-arm64": {
      "version": "0.3.197",
      "resolved": "https://registry.npmjs.org/@anthropic-ai/claude-agent-sdk-darwin-arm64/-/claude-agent-sdk-darwin-arm64-0.3.197.tgz",
      "integrity": "sha512-jC6WvH5Hr6APTfbMjo4nC6LlyMMqbpCMwiHXIw7/AsQXIHQhZ+cRRMesQlV6UFI1l3O53gLZHzsG9cXwfrPHKw==",
      "cpu": [
        "arm64"
      ],
      "license": "SEE LICENSE IN LICENSE.md",
      "optional": true,
      "os": [
        "darwin"
      ]
    },
    "node_modules/@anthropic-ai/claude-agent-sdk-darwin-x64": {
      "version": "0.3.197",
      "resolved": "https://registry.npmjs.org/@anthropic-ai/claude-agent-sdk-darwin-x64/-/claude-agent-sdk-darwin-x64-0.3.197.tgz",
      "integrity": "sha512-ZQNvGkMrTyatBlHTIQ4w2i2aLBuvq355UP/FDLnVXIH8l23RsL1x/0w9P+dqB7EmY9OZi/cPxSrpskpo+dZWLA==",
      "cpu": [
        "x64"
      ],
      "license": "SEE LICENSE IN LICENSE.md",
      "optional": true,
      "os": [
        "darwin"
      ]
    },
    "node_modules/@anthropic-ai/claude-agent-sdk-linux-arm64": {
      "version": "0.3.197",
      "resolved": "https://registry.npmjs.org/@anthropic-ai/claude-agent-sdk-linux-arm64/-/claude-agent-sdk-linux-arm64-0.3.197.tgz",
      "integrity": "sha512-pWhQgCtAft4EGM4Zn24HRad1a/k2u6oA+2uM/KCdjehfKtooDiHfMNd1yzXY/n9AEBWP0RHB2Vz3mJ30X2pVAg==",
      "cpu": [
        "arm64"
      ],
      "libc": [
        "glibc"
      ],
      "license": "SEE LICENSE IN LICENSE.md",
      "optional": true,
      "os": [
        "linux"
      ]
    },
    "node_modules/@anthropic-ai/claude-agent-sdk-linux-arm64-musl": {
      "version": "0.3.197",
      "resolved": "https://registry.npmjs.org/@anthropic-ai/claude-agent-sdk-linux-arm64-musl/-/claude-agent-sdk-linux-arm64-musl-0.3.197.tgz",
      "integrity": "sha512-VuIGXsLGK/aqSQ0tTBqqPVNzjefWS5SWnK8mlYyQitT4s5UDzHXJm0UZBTGxRtlcS0e2+QAHKwbGBCq1ZKSXjg==",
      "cpu": [
        "arm64"
      ],
      "libc": [
        "musl"
      ],
      "license": "SEE LICENSE IN LICENSE.md",
      "optional": true,
      "os": [
        "linux"
      ]
    },
    "node_modules/@anthropic-ai/claude-agent-sdk-linux-x64": {
      "version": "0.3.197",
      "resolved": "https://registry.npmjs.org/@anthropic-ai/claude-agent-sdk-linux-x64/-/claude-agent-sdk-linux-x64-0.3.197.tgz",
      "integrity": "sha512-AUccrbdcv4Hy/GteP/gYLjG/zDP+fe2BFtDMctEfRFVz40DazYDcOyW1+nIgSTQtxf5jSTAVVf3cNuXB2CZwlw==",
      "cpu": [
        "x64"
      ],
      "libc": [
        "glibc"
      ],
      "license": "SEE LICENSE IN LICENSE.md",
      "optional": true,
      "os": [
        "linux"
      ]
    },
    "node_modules/@anthropic-ai/claude-agent-sdk-linux-x64-musl": {
      "version": "0.3.197",
      "resolved": "https://registry.npmjs.org/@anthropic-ai/claude-agent-sdk-linux-x64-musl/-/claude-agent-sdk-linux-x64-musl-0.3.197.tgz",
      "integrity": "sha512-3Tuy7XhD4UIKE4A4RPmKJcbL7Q/3dcB1hEWQt2lKP7c/DlixeEv+tRzvpnFZKhFX2hy0tkBk3QjkozSAacMC/w==",
      "cpu": [
        "x64"
      ],
      "libc": [
        "musl"
      ],
      "license": "SEE LICENSE IN LICENSE.md",
      "optional": true,
      "os": [
        "linux"
      ]
    },
    "node_modules/@anthropic-ai/claude-agent-sdk-win32-arm64": {
      "version": "0.3.197",
      "resolved": "https://registry.npmjs.org/@anthropic-ai/claude-agent-sdk-win32-arm64/-/claude-agent-sdk-win32-arm64-0.3.197.tgz",
      "integrity": "sha512-Wx8uiAKBenDuL8lWQmrqnX5ppljaH5unQ9cKiCz2/9Kgf09dgnrwbX8n/FhndCZR8PmYw539eWwYVrSVc/bl6w==",
      "cpu": [
        "arm64"
      ],
      "license": "SEE LICENSE IN LICENSE.md",
      "optional": true,
      "os": [
        "win32"
      ]
    },
    "node_modules/@anthropic-ai/claude-agent-sdk-win32-x64": {
      "version": "0.3.197",
      "resolved": "https://registry.npmjs.org/@anthropic-ai/claude-agent-sdk-win32-x64/-/claude-agent-sdk-win32-x64-0.3.197.tgz",
      "integrity": "sha512-ZXJO/VvR3SI4G0gwthWeFXWdHB5RXPu3rtfGRcKZ/YgtDeW17rQ+LZIJTk2ywzbLb8EvlghR5JPgn293hC179Q==",
      "cpu": [
        "x64"
      ],
      "license": "SEE LICENSE IN LICENSE.md",
      "optional": true,
      "os": [
        "win32"
      ]
    }
  }
}
